
Microsoft Visual Studio Solution File, Format Version 12.00
# Visual Studio Version 17
VisualStudioVersion = 17.5.002.0
MinimumVisualStudioVersion = 10.0.40219.1
Project("{2150E333-8FDC-42A3-9474-1A3956D46DE8}") = "CsharpProjects", "CsharpProjects", "{463B0530-F22A-4742-A888-9225771AE3E0}"
EndProject
Project("{9A19103F-16F7-4668-BE54-9A1E7A4F7556}") = "TestProject", "CsharpProjects\TestProject\TestProject.csproj", "{172BB5AB-6CE1-4154-8BC4-5DA458744A8C}"
EndProject
Project("{9A19103F-16F7-4668-BE54-9A1E7A4F7556}") = "TestProject5", "CsharpProjects\TestProject5\TestProject5.csproj", "{DFDC8FC9-A24A-4386-AC18-AB6D38341636}"
EndProject
Project("{9A19103F-16F7-4668-BE54-9A1E7A4F7556}") = "TestProject2", "CsharpProjects\TestProject2\TestProject2.csproj", "{792DBF50-952B-40DA-976E-999F41710BAC}"
EndProject
Project("{9A19103F-16F7-4668-BE54-9A1E7A4F7556}") = "TestProject3", "CsharpProjects\TestProject3\TestProject3.csproj", "{F2B7F74B-B7B3-4659-BCB8-7802EF6D2C42}"
EndProject
Project("{9A19103F-16F7-4668-BE54-9A1E7A4F7556}") = "TestProject4", "CsharpProjects\TestProject4\TestProject4.csproj", "{D006E7DA-8386-4651-BB11-D6E3A0E5334F}"
EndProject
Project("{9A19103F-16F7-4668-BE54-9A1E7A4F7556}") = "TestProject8", "CsharpProjects\TestProject8\TestProject8.csproj", "{5133C7BA-90EF-40B1-8114-06195084FC91}"
EndProject
Project("{9A19103F-16F7-4668-BE54-9A1E7A4F7556}") = "TestProject1", "CsharpProjects\TestProject1\TestProject1.csproj", "{88781ADE-9AE9-428E-A8B3-E5EAF9CFE67E}"
EndProject
Project("{9A19103F-16F7-4668-BE54-9A1E7A4F7556}") = "TestProject6", "CsharpProjects\TestProject6\TestProject6.csproj", "{45AD2E1B-4467-4DDB-928C-BF372585B304}"
EndProject
Project("{9A19103F-16F7-4668-BE54-9A1E7A4F7556}") = "TestProject7", "CsharpProjects\TestProject7\TestProject7.csproj", "{1E2DA256-E59E-4479-AD6E-9A3883773D85}"
EndProject
Project("{9A19103F-16F7-4668-BE54-9A1E7A4F7556}") = "TestProject9", "CsharpProjects\TestProject9\TestProject9.csproj", "{223A3094-3C8D-4025-87DC-27706C4DFC25}"
EndProject
Global
	GlobalSection(SolutionConfigurationPlatforms) = preSolution
		Debug|Any CPU = Debug|Any CPU
		Release|Any CPU = Release|Any CPU
	EndGlobalSection
	GlobalSection(ProjectConfigurationPlatforms) = postSolution
		{172BB5AB-6CE1-4154-8BC4-5DA458744A8C}.Debug|Any CPU.ActiveCfg = Debug|Any CPU
		{172BB5AB-6CE1-4154-8BC4-5DA458744A8C}.Debug|Any CPU.Build.0 = Debug|Any CPU
		{172BB5AB-6CE1-4154-8BC4-5DA458744A8C}.Release|Any CPU.ActiveCfg = Release|Any CPU
		{172BB5AB-6CE1-4154-8BC4-5DA458744A8C}.Release|Any CPU.Build.0 = Release|Any CPU
		{DFDC8FC9-A24A-4386-AC18-AB6D38341636}.Debug|Any CPU.ActiveCfg = Debug|Any CPU
		{DFDC8FC9-A24A-4386-AC18-AB6D38341636}.Debug|Any CPU.Build.0 = Debug|Any CPU
		{DFDC8FC9-A24A-4386-AC18-AB6D38341636}.Release|Any CPU.ActiveCfg = Release|Any CPU
		{DFDC8FC9-A24A-4386-AC18-AB6D38341636}.Release|Any CPU.Build.0 = Release|Any CPU
		{792DBF50-952B-40DA-976E-999F41710BAC}.Debug|Any CPU.ActiveCfg = Debug|Any CPU
		{792DBF50-952B-40DA-976E-999F41710BAC}.Debug|Any CPU.Build.0 = Debug|Any CPU
		{792DBF50-952B-40DA-976E-999F41710BAC}.Release|Any CPU.ActiveCfg = Release|Any CPU
		{792DBF50-952B-40DA-976E-999F41710BAC}.Release|Any CPU.Build.0 = Release|Any CPU
		{F2B7F74B-B7B3-4659-BCB8-7802EF6D2C42}.Debug|Any CPU.ActiveCfg = Debug|Any CPU
		{F2B7F74B-B7B3-4659-BCB8-7802EF6D2C42}.Debug|Any CPU.Build.0 = Debug|Any CPU
		{F2B7F74B-B7B3-4659-BCB8-7802EF6D2C42}.Release|Any CPU.ActiveCfg = Release|Any CPU
		{F2B7F74B-B7B3-4659-BCB8-7802EF6D2C42}.Release|Any CPU.Build.0 = Release|Any CPU
		{D006E7DA-8386-4651-BB11-D6E3A0E5334F}.Debug|Any CPU.ActiveCfg = Debug|Any CPU
		{D006E7DA-8386-4651-BB11-D6E3A0E5334F}.Debug|Any CPU.Build.0 = Debug|Any CPU
		{D006E7DA-8386-4651-BB11-D6E3A0E5334F}.Release|Any CPU.ActiveCfg = Release|Any CPU
		{D006E7DA-8386-4651-BB11-D6E3A0E5334F}.Release|Any CPU.Build.0 = Release|Any CPU
		{5133C7BA-90EF-40B1-8114-06195084FC91}.Debug|Any CPU.ActiveCfg = Debug|Any CPU
		{5133C7BA-90EF-40B1-8114-06195084FC91}.Debug|Any CPU.Build.0 = Debug|Any CPU
		{5133C7BA-90EF-40B1-8114-06195084FC91}.Release|Any CPU.ActiveCfg = Release|Any CPU
		{5133C7BA-90EF-40B1-8114-06195084FC91}.Release|Any CPU.Build.0 = Release|Any CPU
		{88781ADE-9AE9-428E-A8B3-E5EAF9CFE67E}.Debug|Any CPU.ActiveCfg = Debug|Any CPU
		{88781ADE-9AE9-428E-A8B3-E5EAF9CFE67E}.Debug|Any CPU.Build.0 = Debug|Any CPU
		{88781ADE-9AE9-428E-A8B3-E5EAF9CFE67E}.Release|Any CPU.ActiveCfg = Release|Any CPU
		{88781ADE-9AE9-428E-A8B3-E5EAF9CFE67E}.Release|Any CPU.Build.0 = Release|Any CPU
		{45AD2E1B-4467-4DDB-928C-BF372585B304}.Debug|Any CPU.ActiveCfg = Debug|Any CPU
		{45AD2E1B-4467-4DDB-928C-BF372585B304}.Debug|Any CPU.Build.0 = Debug|Any CPU
		{45AD2E1B-4467-4DDB-928C-BF372585B304}.Release|Any CPU.ActiveCfg = Release|Any CPU
		{45AD2E1B-4467-4DDB-928C-BF372585B304}.Release|Any CPU.Build.0 = Release|Any CPU
		{1E2DA256-E59E-4479-AD6E-9A3883773D85}.Debug|Any CPU.ActiveCfg = Debug|Any CPU
		{1E2DA256-E59E-4479-AD6E-9A3883773D85}.Debug|Any CPU.Build.0 = Debug|Any CPU
		{1E2DA256-E59E-4479-AD6E-9A3883773D85}.Release|Any CPU.ActiveCfg = Release|Any CPU
		{1E2DA256-E59E-4479-AD6E-9A3883773D85}.Release|Any CPU.Build.0 = Release|Any CPU
		{223A3094-3C8D-4025-87DC-27706C4DFC25}.Debug|Any CPU.ActiveCfg = Debug|Any CPU
		{223A3094-3C8D-4025-87DC-27706C4DFC25}.Debug|Any CPU.Build.0 = Debug|Any CPU
		{223A3094-3C8D-4025-87DC-27706C4DFC25}.Release|Any CPU.ActiveCfg = Release|Any CPU
		{223A3094-3C8D-4025-87DC-27706C4DFC25}.Release|Any CPU.Build.0 = Release|Any CPU
	EndGlobalSection
	GlobalSection(SolutionProperties) = preSolution
		HideSolutionNode = FALSE
	EndGlobalSection
	GlobalSection(NestedProjects) = preSolution
		{172BB5AB-6CE1-4154-8BC4-5DA458744A8C} = {463B0530-F22A-4742-A888-9225771AE3E0}
		{DFDC8FC9-A24A-4386-AC18-AB6D38341636} = {463B0530-F22A-4742-A888-9225771AE3E0}
		{792DBF50-952B-40DA-976E-999F41710BAC} = {463B0530-F22A-4742-A888-9225771AE3E0}
		{F2B7F74B-B7B3-4659-BCB8-7802EF6D2C42} = {463B0530-F22A-4742-A888-9225771AE3E0}
		{D006E7DA-8386-4651-BB11-D6E3A0E5334F} = {463B0530-F22A-4742-A888-9225771AE3E0}
		{5133C7BA-90EF-40B1-8114-06195084FC91} = {463B0530-F22A-4742-A888-9225771AE3E0}
		{88781ADE-9AE9-428E-A8B3-E5EAF9CFE67E} = {463B0530-F22A-4742-A888-9225771AE3E0}
		{45AD2E1B-4467-4DDB-928C-BF372585B304} = {463B0530-F22A-4742-A888-9225771AE3E0}
		{1E2DA256-E59E-4479-AD6E-9A3883773D85} = {463B0530-F22A-4742-A888-9225771AE3E0}
		{223A3094-3C8D-4025-87DC-27706C4DFC25} = {463B0530-F22A-4742-A888-9225771AE3E0}
	EndGlobalSection
	GlobalSection(ExtensibilityGlobals) = postSolution
		SolutionGuid = {BEB7E576-3070-4167-9608-30FF05E020A6}
	EndGlobalSection
EndGlobal
