
Microsoft Visual Studio Solution File, Format Version 12.00
# Visual Studio Version 17
VisualStudioVersion = 17.5.002.0
MinimumVisualStudioVersion = 10.0.40219.1
Project("{9A19103F-16F7-4668-BE54-9A1E7A4F7556}") = "urban-fortnight", "urban-fortnight.csproj", "{BC2874C9-FEBA-4906-9935-73BD08C18C97}"
EndProject
Global
	GlobalSection(SolutionConfigurationPlatforms) = preSolution
		Debug|Any CPU = Debug|Any CPU
		Release|Any CPU = Release|Any CPU
	EndGlobalSection
	GlobalSection(ProjectConfigurationPlatforms) = postSolution
		{BC2874C9-FEBA-4906-9935-73BD08C18C97}.Debug|Any CPU.ActiveCfg = Debug|Any CPU
		{BC2874C9-FEBA-4906-9935-73BD08C18C97}.Debug|Any CPU.Build.0 = Debug|Any CPU
		{BC2874C9-FEBA-4906-9935-73BD08C18C97}.Release|Any CPU.ActiveCfg = Release|Any CPU
		{BC2874C9-FEBA-4906-9935-73BD08C18C97}.Release|Any CPU.Build.0 = Release|Any CPU
	EndGlobalSection
	GlobalSection(SolutionProperties) = preSolution
		HideSolutionNode = FALSE
	EndGlobalSection
	GlobalSection(ExtensibilityGlobals) = postSolution
		SolutionGuid = {BD0842CB-88C8-48F5-9E13-420DA2257AD2}
	EndGlobalSection
EndGlobal
